# THIS IS AN AUTOGENERATED FILE. DO NOT EDIT THIS FILE DIRECTLY.
# yarn lockfile v1


"@endo/base64@^1.0.8":
  version "1.0.8"
  resolved "https://registry.yarnpkg.com/@endo/base64/-/base64-1.0.8.tgz#85e18bbab74cc1469b6e3f552e8bb7f1f21bb851"
  integrity sha512-wYfwgni3cY7lYCzk/8DD5150j0hukGVgJ1kczRTiGfXyd0QRxjfn0CcWeWph3ML+9Gh+CLOMotiVWQlCGMqrYQ==

"@endo/env-options@^0.1.4":
  version "0.1.4"
  resolved "https://registry.yarnpkg.com/@endo/env-options/-/env-options-0.1.4.tgz#e516bc3864f00b154944e444fb8996a9a0c23a45"
  integrity sha512-Ol8ct0aW8VK1ZaqntnUJfrYT59P6Xn36XPbHzkqQhsYkpudKDn5ILYEwGmSO/Ff+XJjv/pReNI0lhOyyrDa9mg==

"@endo/env-options@^1.1.7":
  version "1.1.7"
  resolved "https://registry.yarnpkg.com/@endo/env-options/-/env-options-1.1.7.tgz#f8f9186010cff12506fdd8f5c8cd4d9051830fd8"
  integrity sha512-8twSTbM45rzIP0lHw99ei1EaW98H2BXYKjCTUcq1qgK2OvQWaoiXNcJvUQQo1g7i3oPwbXTQsY69L+nTNeCDyA==

"@endo/eventual-send@^0.17.6":
  version "0.17.6"
  resolved "https://registry.yarnpkg.com/@endo/eventual-send/-/eventual-send-0.17.6.tgz#86719e4e3ff76991c49f6680309dc77dff65fe55"
  integrity sha512-73cKY2uiWdzMJn7i284NJyD3K0UKjpksBg/EA2GT8YJa0TgeBczFQIm81vC08itK5gHuDDH2vC5COSGR6hxKIg==
  dependencies:
    "@endo/env-options" "^0.1.4"

"@endo/eventual-send@^1.2.6":
  version "1.2.6"
  resolved "https://registry.yarnpkg.com/@endo/eventual-send/-/eventual-send-1.2.6.tgz#43d0f4567e3318491b3720bd7d13eef5448f5384"
  integrity sha512-wD2OhDDvW8y519q6B8H5jox5mXau6OdTIlYQGzI2lk7xtPasydh2SgdQsX6u1jLAXVcJuNqW7wWgLmvk42ncVA==
  dependencies:
    "@endo/env-options" "^1.1.7"

"@endo/far@0.2.22":
  version "0.2.22"
  resolved "https://registry.yarnpkg.com/@endo/far/-/far-0.2.22.tgz#fda187289a903ee3f9d6dcc5664ee7fef1994b1f"
  integrity sha512-LFOicqyHslKOSk/H5EfGOcw347ftDSwYHARPasnrG4UJOEkcU1ZG5bN/BmfONtcidB776gWZKrV/tNl4WLIlyw==
  dependencies:
    "@endo/eventual-send" "^0.17.6"
    "@endo/pass-style" "^0.1.7"

"@endo/init@^1.1.5":
  version "1.1.5"
  resolved "https://registry.yarnpkg.com/@endo/init/-/init-1.1.5.tgz#9660929b21af53f9ceeb730606aa7e0d1f18c813"
  integrity sha512-jnuq0Ubqd77k6oyCGRs2JmFTyEI0lQG29qkl7NcU8YDhGrXxiGs7OsR1mRFMt9LWWP0w/eQFwEwNvjnWGKpN0w==
  dependencies:
    "@endo/base64" "^1.0.8"
    "@endo/eventual-send" "^1.2.6"
    "@endo/lockdown" "^1.0.11"
    "@endo/promise-kit" "^1.1.6"

"@endo/lockdown@^1.0.11":
  version "1.0.11"
  resolved "https://registry.yarnpkg.com/@endo/lockdown/-/lockdown-1.0.11.tgz#fbd2b0cb21e507457fbd571a850b042a0d2f2751"
  integrity sha512-Yf1GskB6CtMZrJ0i9+yIKciGxkJuEVj6mm5vwnIpX9dY80hkTIMqYjrGPSJuzM67sURUcIu7h/leu3xeRRNY3w==
  dependencies:
    ses "^1.9.0"

"@endo/pass-style@^0.1.7":
  version "0.1.7"
  resolved "https://registry.yarnpkg.com/@endo/pass-style/-/pass-style-0.1.7.tgz#ea22568e8b86fb2d1a14a5fc042374cc0d8e310b"
  integrity sha512-dlB62Ptjcy/+iachy7qzAdgIwaU60rE+XLummLRpE2tDSJF2jSFJlVwa/QuGw1KKO7Rt4vog/51sKev3EbJZQg==
  dependencies:
    "@endo/promise-kit" "^0.2.60"
    "@fast-check/ava" "^1.1.5"

"@endo/promise-kit@^0.2.60":
  version "0.2.60"
  resolved "https://registry.yarnpkg.com/@endo/promise-kit/-/promise-kit-0.2.60.tgz#8012ada06970c7eaf965cd856563b34a1790e163"
  integrity sha512-6Zp9BqBbc3ywaG+iLRrQRmO/VLKrMnvsbgOKKPMpjEC3sUlksYA09uaH3GrKZgoGChF8m9bXK8eFW39z7wJNUw==
  dependencies:
    ses "^0.18.8"

"@endo/promise-kit@^1.1.6":
  version "1.1.6"
  resolved "https://registry.yarnpkg.com/@endo/promise-kit/-/promise-kit-1.1.6.tgz#0357c09973fd28be0ef8cb18fbfbb3cfaf1f993b"
  integrity sha512-14HtlfeUfm9voakcDF4hK15NlyzHtlPFBjJh42ZmWW3aGXmUJQTI/yIdv0zPXcMkogCdeBNKXpQSqIsYehAowQ==
  dependencies:
    ses "^1.9.0"

"@fast-check/ava@^1.1.5":
  version "1.2.1"
  resolved "https://registry.yarnpkg.com/@fast-check/ava/-/ava-1.2.1.tgz#4f6621d039e855cbd3ee40512f442f82913c5a31"
  integrity sha512-d7O8CjYV2e+JFnN67Yofw+tt16fJI7kuX1K7OZCNxqQL5XNrkipWBmAmW9sPxYVjaItPBPvTPp7nORsO9KuBgg==
  dependencies:
    fast-check "^3.0.0"

fast-check@^3.0.0:
  version "3.22.0"
  resolved "https://registry.yarnpkg.com/fast-check/-/fast-check-3.22.0.tgz#1a8153e9d6fbdcc60b818f447cbb9cac1fdd8fb6"
  integrity sha512-8HKz3qXqnHYp/VCNn2qfjHdAdcI8zcSqOyX64GOMukp7SL2bfzfeDKjSd+UyECtejccaZv3LcvZTm9YDD22iCQ==
  dependencies:
    pure-rand "^6.1.0"

pure-rand@^6.1.0:
  version "6.1.0"
  resolved "https://registry.yarnpkg.com/pure-rand/-/pure-rand-6.1.0.tgz#d173cf23258231976ccbdb05247c9787957604f2"
  integrity sha512-bVWawvoZoBYpp6yIoQtQXHZjmz35RSVHnUOTefl8Vcjr8snTPY1wnpSPMWekcFwbxI6gtmT7rSYPFvz71ldiOA==

ses@^0.18.8:
  version "0.18.8"
  resolved "https://registry.yarnpkg.com/ses/-/ses-0.18.8.tgz#88036511ac3b3c07e4d82dd8cfc6e5f3788205b6"
  integrity sha512-kOH1AhJc6gWDXKURKeU1w7iFUdImAegAljVvBg5EUBgNqjH4bxcEsGVUadVEPtA2PVRMyQp1fiSMDwEZkQNj1g==
  dependencies:
    "@endo/env-options" "^0.1.4"

ses@^1.9.0:
  version "1.9.0"
  resolved "https://registry.yarnpkg.com/ses/-/ses-1.9.0.tgz#ebf2de9759a21b09550aef0645c3f9b817409381"
  integrity sha512-ZDAkixRUIPId1oXVxDhj1sIzFUeJ3vzaJCd64Ra1owuVH6Bcd+IOGrJtiFqUTA+YC9w8jTE9XkZTwin+hkbn5Q==
  dependencies:
    "@endo/env-options" "^1.1.7"
